
Microsoft Visual Studio Solution File, Format Version 12.00
# Visual Studio Version 17
VisualStudioVersion = 17.5.33414.496
MinimumVisualStudioVersion = 10.0.40219.1
Project("{2150E333-8FDC-42A3-9474-1A3956D46DE8}") = "Services", "Services", "{008F0948-CECF-45AA-B50E-042836C96592}"
EndProject
Project("{2150E333-8FDC-42A3-9474-1A3956D46DE8}") = "Shared", "Shared", "{FC25BA78-9B02-4B1D-AA65-C0EE93F528DF}"
EndProject
Project("{9A19103F-16F7-4668-BE54-9A1E7A4F7556}") = "Shared.Community", "Shared\Shared.Community\Shared.Community.csproj", "{6943399C-3449-4232-A4C7-27AB66F2B4CC}"
EndProject
Project("{9A19103F-16F7-4668-BE54-9A1E7A4F7556}") = "Shared.CQRS", "Shared\Shared.CQRS\Shared.CQRS.csproj", "{29D53999-0E0A-4255-8366-8E721929A972}"
EndProject
Project("{9A19103F-16F7-4668-BE54-9A1E7A4F7556}") = "Shared.Attributes", "Shared\Shared.Attributes\Shared.Attributes.csproj", "{121DA2E1-9F3F-4587-904D-447D5C9D3646}"
EndProject
Project("{9A19103F-16F7-4668-BE54-9A1E7A4F7556}") = "Shared.Community.Web", "Shared\Shared.Community.Web\Shared.Community.Web.csproj", "{86507DD3-1F28-480E-BF74-3C70ABB9B9E7}"
EndProject
Project("{9A19103F-16F7-4668-BE54-9A1E7A4F7556}") = "Shared.Redis", "Shared\Shared.Redis\Shared.Redis.csproj", "{378E5352-591F-4802-B84A-52A92F6E9252}"
EndProject
Project("{9A19103F-16F7-4668-BE54-9A1E7A4F7556}") = "Shared.Extensions", "Shared.Extensions\Shared.Extensions.csproj", "{6F1FD043-2026-4DC2-8371-CDFC8F9CA18C}"
EndProject
Project("{9A19103F-16F7-4668-BE54-9A1E7A4F7556}") = "Shared.Web", "Shared\Shared.Web\Shared.Web.csproj", "{9F69FA13-D9E0-4891-BB2E-E735F9568506}"
EndProject
Project("{9A19103F-16F7-4668-BE54-9A1E7A4F7556}") = "Shared.Logging", "Shared\Shared.Logging\Shared.Logging.csproj", "{47C9B1F1-0849-4234-B607-ADA8F33FA609}"
EndProject
Project("{9A19103F-16F7-4668-BE54-9A1E7A4F7556}") = "Game.Api", "Services\Game\Game.Api\Game.Api.csproj", "{1F5CB2F8-A633-47EE-A5A5-6100136C2D61}"
EndProject
Project("{9A19103F-16F7-4668-BE54-9A1E7A4F7556}") = "Game.Application", "Services\Game\Game.Application\Game.Application.csproj", "{4063166F-A27A-40BA-8929-873400D29F5D}"
EndProject
Project("{9A19103F-16F7-4668-BE54-9A1E7A4F7556}") = "Game.Infrastructure", "Services\Game\Game.Infrastructure\Game.Infrastructure.csproj", "{64B0DA66-E25B-418A-A84D-D6C686546EC6}"
EndProject
Project("{9A19103F-16F7-4668-BE54-9A1E7A4F7556}") = "Game.Core", "Services\Game\Game.Core\Game.Core.csproj", "{23523F46-51F9-4302-9CD6-CA52D60BA42B}"
EndProject
Project("{E53339B2-1760-4266-BCC7-CA923CBCF16C}") = "docker-compose", "docker-compose.dcproj", "{33E776CD-D5C8-4DCD-B368-3AF3CE4D2D8C}"
EndProject
Project("{2150E333-8FDC-42A3-9474-1A3956D46DE8}") = "tests", "tests", "{B7BA6D2B-882C-4AAA-9ABC-B3ADC982AF13}"
EndProject
Project("{9A19103F-16F7-4668-BE54-9A1E7A4F7556}") = "Thor.Automation", "Tests\Thor.Automation\Thor.Automation\Thor.Automation.csproj", "{41CD0568-62A4-42C6-BD2F-01A253BCFCDE}"
EndProject
Project("{9A19103F-16F7-4668-BE54-9A1E7A4F7556}") = "Tests.Contracts", "Tests\Tests.Contracts\Tests.Contracts.csproj", "{05007EBB-8A84-4863-9046-347AAF954ADB}"
EndProject
Project("{9A19103F-16F7-4668-BE54-9A1E7A4F7556}") = "Shared.Types", "Shared\Shared.Types\Shared.Types.csproj", "{68C32D1C-8B61-4B54-AA5A-F639EADA2249}"
EndProject
Project("{9A19103F-16F7-4668-BE54-9A1E7A4F7556}") = "Shared.Exception", "Shared\Shared.Exception\Shared.Exception.csproj", "{D4DBB312-02F9-4F34-A26C-D2AE880BFE58}"
EndProject
Project("{2150E333-8FDC-42A3-9474-1A3956D46DE8}") = "LoadTest", "LoadTest", "{6B0F8814-2039-434D-BBD3-6833EC99989A}"
	ProjectSection(SolutionItems) = preProject
		LoadTest\loadTest.js = LoadTest\loadTest.js
	EndProjectSection
EndProject
Project("{FAE04EC0-301F-11D3-BF4B-00C04F79EFBC}") = "Shared.Redis.RateLimiter", "Shared\Shared.Redis.RateLimiter\Shared.Redis.RateLimiter.csproj", "{514746D1-B2AF-459D-BB30-64AF7BDFD31F}"
EndProject
Global
	GlobalSection(SolutionConfigurationPlatforms) = preSolution
		Debug|Any CPU = Debug|Any CPU
		Release|Any CPU = Release|Any CPU
	EndGlobalSection
	GlobalSection(ProjectConfigurationPlatforms) = postSolution
		{6943399C-3449-4232-A4C7-27AB66F2B4CC}.Debug|Any CPU.ActiveCfg = Debug|Any CPU
		{6943399C-3449-4232-A4C7-27AB66F2B4CC}.Debug|Any CPU.Build.0 = Debug|Any CPU
		{6943399C-3449-4232-A4C7-27AB66F2B4CC}.Release|Any CPU.ActiveCfg = Release|Any CPU
		{6943399C-3449-4232-A4C7-27AB66F2B4CC}.Release|Any CPU.Build.0 = Release|Any CPU
		{29D53999-0E0A-4255-8366-8E721929A972}.Debug|Any CPU.ActiveCfg = Debug|Any CPU
		{29D53999-0E0A-4255-8366-8E721929A972}.Debug|Any CPU.Build.0 = Debug|Any CPU
		{29D53999-0E0A-4255-8366-8E721929A972}.Release|Any CPU.ActiveCfg = Release|Any CPU
		{29D53999-0E0A-4255-8366-8E721929A972}.Release|Any CPU.Build.0 = Release|Any CPU
		{121DA2E1-9F3F-4587-904D-447D5C9D3646}.Debug|Any CPU.ActiveCfg = Debug|Any CPU
		{121DA2E1-9F3F-4587-904D-447D5C9D3646}.Debug|Any CPU.Build.0 = Debug|Any CPU
		{121DA2E1-9F3F-4587-904D-447D5C9D3646}.Release|Any CPU.ActiveCfg = Release|Any CPU
		{121DA2E1-9F3F-4587-904D-447D5C9D3646}.Release|Any CPU.Build.0 = Release|Any CPU
		{86507DD3-1F28-480E-BF74-3C70ABB9B9E7}.Debug|Any CPU.ActiveCfg = Debug|Any CPU
		{86507DD3-1F28-480E-BF74-3C70ABB9B9E7}.Debug|Any CPU.Build.0 = Debug|Any CPU
		{86507DD3-1F28-480E-BF74-3C70ABB9B9E7}.Release|Any CPU.ActiveCfg = Release|Any CPU
		{86507DD3-1F28-480E-BF74-3C70ABB9B9E7}.Release|Any CPU.Build.0 = Release|Any CPU
		{378E5352-591F-4802-B84A-52A92F6E9252}.Debug|Any CPU.ActiveCfg = Debug|Any CPU
		{378E5352-591F-4802-B84A-52A92F6E9252}.Debug|Any CPU.Build.0 = Debug|Any CPU
		{378E5352-591F-4802-B84A-52A92F6E9252}.Release|Any CPU.ActiveCfg = Release|Any CPU
		{378E5352-591F-4802-B84A-52A92F6E9252}.Release|Any CPU.Build.0 = Release|Any CPU
		{6F1FD043-2026-4DC2-8371-CDFC8F9CA18C}.Debug|Any CPU.ActiveCfg = Debug|Any CPU
		{6F1FD043-2026-4DC2-8371-CDFC8F9CA18C}.Debug|Any CPU.Build.0 = Debug|Any CPU
		{6F1FD043-2026-4DC2-8371-CDFC8F9CA18C}.Release|Any CPU.ActiveCfg = Release|Any CPU
		{6F1FD043-2026-4DC2-8371-CDFC8F9CA18C}.Release|Any CPU.Build.0 = Release|Any CPU
		{9F69FA13-D9E0-4891-BB2E-E735F9568506}.Debug|Any CPU.ActiveCfg = Debug|Any CPU
		{9F69FA13-D9E0-4891-BB2E-E735F9568506}.Debug|Any CPU.Build.0 = Debug|Any CPU
		{9F69FA13-D9E0-4891-BB2E-E735F9568506}.Release|Any CPU.ActiveCfg = Release|Any CPU
		{9F69FA13-D9E0-4891-BB2E-E735F9568506}.Release|Any CPU.Build.0 = Release|Any CPU
		{47C9B1F1-0849-4234-B607-ADA8F33FA609}.Debug|Any CPU.ActiveCfg = Debug|Any CPU
		{47C9B1F1-0849-4234-B607-ADA8F33FA609}.Debug|Any CPU.Build.0 = Debug|Any CPU
		{47C9B1F1-0849-4234-B607-ADA8F33FA609}.Release|Any CPU.ActiveCfg = Release|Any CPU
		{47C9B1F1-0849-4234-B607-ADA8F33FA609}.Release|Any CPU.Build.0 = Release|Any CPU
		{1F5CB2F8-A633-47EE-A5A5-6100136C2D61}.Debug|Any CPU.ActiveCfg = Debug|Any CPU
		{1F5CB2F8-A633-47EE-A5A5-6100136C2D61}.Debug|Any CPU.Build.0 = Debug|Any CPU
		{1F5CB2F8-A633-47EE-A5A5-6100136C2D61}.Release|Any CPU.ActiveCfg = Release|Any CPU
		{1F5CB2F8-A633-47EE-A5A5-6100136C2D61}.Release|Any CPU.Build.0 = Release|Any CPU
		{4063166F-A27A-40BA-8929-873400D29F5D}.Debug|Any CPU.ActiveCfg = Debug|Any CPU
		{4063166F-A27A-40BA-8929-873400D29F5D}.Debug|Any CPU.Build.0 = Debug|Any CPU
		{4063166F-A27A-40BA-8929-873400D29F5D}.Release|Any CPU.ActiveCfg = Release|Any CPU
		{4063166F-A27A-40BA-8929-873400D29F5D}.Release|Any CPU.Build.0 = Release|Any CPU
		{64B0DA66-E25B-418A-A84D-D6C686546EC6}.Debug|Any CPU.ActiveCfg = Debug|Any CPU
		{64B0DA66-E25B-418A-A84D-D6C686546EC6}.Debug|Any CPU.Build.0 = Debug|Any CPU
		{64B0DA66-E25B-418A-A84D-D6C686546EC6}.Release|Any CPU.ActiveCfg = Release|Any CPU
		{64B0DA66-E25B-418A-A84D-D6C686546EC6}.Release|Any CPU.Build.0 = Release|Any CPU
		{23523F46-51F9-4302-9CD6-CA52D60BA42B}.Debug|Any CPU.ActiveCfg = Debug|Any CPU
		{23523F46-51F9-4302-9CD6-CA52D60BA42B}.Debug|Any CPU.Build.0 = Debug|Any CPU
		{23523F46-51F9-4302-9CD6-CA52D60BA42B}.Release|Any CPU.ActiveCfg = Release|Any CPU
		{23523F46-51F9-4302-9CD6-CA52D60BA42B}.Release|Any CPU.Build.0 = Release|Any CPU
		{33E776CD-D5C8-4DCD-B368-3AF3CE4D2D8C}.Debug|Any CPU.ActiveCfg = Debug|Any CPU
		{33E776CD-D5C8-4DCD-B368-3AF3CE4D2D8C}.Debug|Any CPU.Build.0 = Debug|Any CPU
		{33E776CD-D5C8-4DCD-B368-3AF3CE4D2D8C}.Release|Any CPU.ActiveCfg = Release|Any CPU
		{33E776CD-D5C8-4DCD-B368-3AF3CE4D2D8C}.Release|Any CPU.Build.0 = Release|Any CPU
		{41CD0568-62A4-42C6-BD2F-01A253BCFCDE}.Debug|Any CPU.ActiveCfg = Debug|Any CPU
		{41CD0568-62A4-42C6-BD2F-01A253BCFCDE}.Debug|Any CPU.Build.0 = Debug|Any CPU
		{41CD0568-62A4-42C6-BD2F-01A253BCFCDE}.Release|Any CPU.ActiveCfg = Release|Any CPU
		{41CD0568-62A4-42C6-BD2F-01A253BCFCDE}.Release|Any CPU.Build.0 = Release|Any CPU
		{05007EBB-8A84-4863-9046-347AAF954ADB}.Debug|Any CPU.ActiveCfg = Debug|Any CPU
		{05007EBB-8A84-4863-9046-347AAF954ADB}.Debug|Any CPU.Build.0 = Debug|Any CPU
		{05007EBB-8A84-4863-9046-347AAF954ADB}.Release|Any CPU.ActiveCfg = Release|Any CPU
		{05007EBB-8A84-4863-9046-347AAF954ADB}.Release|Any CPU.Build.0 = Release|Any CPU
		{68C32D1C-8B61-4B54-AA5A-F639EADA2249}.Debug|Any CPU.ActiveCfg = Debug|Any CPU
		{68C32D1C-8B61-4B54-AA5A-F639EADA2249}.Debug|Any CPU.Build.0 = Debug|Any CPU
		{68C32D1C-8B61-4B54-AA5A-F639EADA2249}.Release|Any CPU.ActiveCfg = Release|Any CPU
		{68C32D1C-8B61-4B54-AA5A-F639EADA2249}.Release|Any CPU.Build.0 = Release|Any CPU
		{D4DBB312-02F9-4F34-A26C-D2AE880BFE58}.Debug|Any CPU.ActiveCfg = Debug|Any CPU
		{D4DBB312-02F9-4F34-A26C-D2AE880BFE58}.Debug|Any CPU.Build.0 = Debug|Any CPU
		{D4DBB312-02F9-4F34-A26C-D2AE880BFE58}.Release|Any CPU.ActiveCfg = Release|Any CPU
		{D4DBB312-02F9-4F34-A26C-D2AE880BFE58}.Release|Any CPU.Build.0 = Release|Any CPU
		{514746D1-B2AF-459D-BB30-64AF7BDFD31F}.Debug|Any CPU.ActiveCfg = Debug|Any CPU
		{514746D1-B2AF-459D-BB30-64AF7BDFD31F}.Debug|Any CPU.Build.0 = Debug|Any CPU
		{514746D1-B2AF-459D-BB30-64AF7BDFD31F}.Release|Any CPU.ActiveCfg = Release|Any CPU
		{514746D1-B2AF-459D-BB30-64AF7BDFD31F}.Release|Any CPU.Build.0 = Release|Any CPU
	EndGlobalSection
	GlobalSection(SolutionProperties) = preSolution
		HideSolutionNode = FALSE
	EndGlobalSection
	GlobalSection(NestedProjects) = preSolution
		{6943399C-3449-4232-A4C7-27AB66F2B4CC} = {FC25BA78-9B02-4B1D-AA65-C0EE93F528DF}
		{29D53999-0E0A-4255-8366-8E721929A972} = {FC25BA78-9B02-4B1D-AA65-C0EE93F528DF}
		{121DA2E1-9F3F-4587-904D-447D5C9D3646} = {FC25BA78-9B02-4B1D-AA65-C0EE93F528DF}
		{86507DD3-1F28-480E-BF74-3C70ABB9B9E7} = {FC25BA78-9B02-4B1D-AA65-C0EE93F528DF}
		{378E5352-591F-4802-B84A-52A92F6E9252} = {FC25BA78-9B02-4B1D-AA65-C0EE93F528DF}
		{6F1FD043-2026-4DC2-8371-CDFC8F9CA18C} = {FC25BA78-9B02-4B1D-AA65-C0EE93F528DF}
		{9F69FA13-D9E0-4891-BB2E-E735F9568506} = {FC25BA78-9B02-4B1D-AA65-C0EE93F528DF}
		{47C9B1F1-0849-4234-B607-ADA8F33FA609} = {FC25BA78-9B02-4B1D-AA65-C0EE93F528DF}
		{1F5CB2F8-A633-47EE-A5A5-6100136C2D61} = {008F0948-CECF-45AA-B50E-042836C96592}
		{4063166F-A27A-40BA-8929-873400D29F5D} = {008F0948-CECF-45AA-B50E-042836C96592}
		{64B0DA66-E25B-418A-A84D-D6C686546EC6} = {008F0948-CECF-45AA-B50E-042836C96592}
		{23523F46-51F9-4302-9CD6-CA52D60BA42B} = {008F0948-CECF-45AA-B50E-042836C96592}
		{41CD0568-62A4-42C6-BD2F-01A253BCFCDE} = {B7BA6D2B-882C-4AAA-9ABC-B3ADC982AF13}
		{05007EBB-8A84-4863-9046-347AAF954ADB} = {B7BA6D2B-882C-4AAA-9ABC-B3ADC982AF13}
		{68C32D1C-8B61-4B54-AA5A-F639EADA2249} = {FC25BA78-9B02-4B1D-AA65-C0EE93F528DF}
		{D4DBB312-02F9-4F34-A26C-D2AE880BFE58} = {FC25BA78-9B02-4B1D-AA65-C0EE93F528DF}
		{514746D1-B2AF-459D-BB30-64AF7BDFD31F} = {FC25BA78-9B02-4B1D-AA65-C0EE93F528DF}
	EndGlobalSection
	GlobalSection(ExtensibilityGlobals) = postSolution
		SolutionGuid = {B39DCACA-5806-4465-B3AE-E01D32F0DC49}
	EndGlobalSection
EndGlobal
